
Microsoft Visual Studio Solution File, Format Version 12.00
# Visual Studio 15
VisualStudioVersion = 15.0.27703.2042
MinimumVisualStudioVersion = 10.0.40219.1
Project("{9A19103F-16F7-4668-BE54-9A1E7A4F7556}") = "dragonchain-sdk", "dragonchain-sdk\dragonchain-sdk.csproj", "{B8641FA8-6C82-4BB0-B2CE-ECAE6F378CED}"
EndProject
Project("{9A19103F-16F7-4668-BE54-9A1E7A4F7556}") = "dragonchain-sdk.tests", "dragonchain-sdk.tests\dragonchain-sdk.tests.csproj", "{FCC36B37-83A5-4E5A-8F92-97E86DA5178B}"
EndProject
Global
	GlobalSection(SolutionConfigurationPlatforms) = preSolution
		Debug|Any CPU = Debug|Any CPU
		Release|Any CPU = Release|Any CPU
	EndGlobalSection
	GlobalSection(ProjectConfigurationPlatforms) = postSolution
		{B8641FA8-6C82-4BB0-B2CE-ECAE6F378CED}.Debug|Any CPU.ActiveCfg = Debug|Any CPU
		{B8641FA8-6C82-4BB0-B2CE-ECAE6F378CED}.Debug|Any CPU.Build.0 = Debug|Any CPU
		{B8641FA8-6C82-4BB0-B2CE-ECAE6F378CED}.Release|Any CPU.ActiveCfg = Release|Any CPU
		{B8641FA8-6C82-4BB0-B2CE-ECAE6F378CED}.Release|Any CPU.Build.0 = Release|Any CPU
		{FCC36B37-83A5-4E5A-8F92-97E86DA5178B}.Debug|Any CPU.ActiveCfg = Debug|Any CPU
		{FCC36B37-83A5-4E5A-8F92-97E86DA5178B}.Debug|Any CPU.Build.0 = Debug|Any CPU
		{FCC36B37-83A5-4E5A-8F92-97E86DA5178B}.Release|Any CPU.ActiveCfg = Release|Any CPU
		{FCC36B37-83A5-4E5A-8F92-97E86DA5178B}.Release|Any CPU.Build.0 = Release|Any CPU
	EndGlobalSection
	GlobalSection(SolutionProperties) = preSolution
		HideSolutionNode = FALSE
	EndGlobalSection
	GlobalSection(ExtensibilityGlobals) = postSolution
		SolutionGuid = {5D6D5530-9F48-4CA5-9AFF-54CE510EB4A7}
	EndGlobalSection
	GlobalSection(ExtensibilityGlobals) = postSolution
		SolutionGuid = {5D6D5530-9F48-4CA5-9AFF-54CE510EB4A7}
	EndGlobalSection
EndGlobal
